{
    "_readme": [
        "This file locks the dependencies of your project to a known state",
        "Read more about it at http://getcomposer.org/doc/01-basic-usage.md#composer-lock-the-lock-file"
    ],
    "hash": "0f5d7e6e8dfe9193e8e1358989ce0482",
    "packages": [
        {
            "name": "nette/nette",
            "version": "2.1.x-dev",
            "source": {
                "type": "git",
                "url": "https://github.com/nette/nette.git",
                "reference": "366d6dc83e691550fda275158cfb5670cd5949b9"
            },
            "dist": {
                "type": "zip",
                "url": "https://api.github.com/repos/nette/nette/zipball/366d6dc83e691550fda275158cfb5670cd5949b9",
                "reference": "366d6dc83e691550fda275158cfb5670cd5949b9",
                "shasum": ""
            },
            "require": {
                "ext-iconv": "*",
                "ext-tokenizer": "*",
                "php": ">=5.3.1"
            },
            "require-dev": {
                "nette/tester": "~1.1"
            },
            "suggest": {
                "ext-fileinfo": "*",
                "ext-gd": "*",
                "ext-mbstring": "*",
                "ext-pdo": "*"
            },
            "type": "library",
            "autoload": {
                "classmap": [
                    "Nette/"
                ],
                "files": [
                    "Nette/common/shortcuts.php"
                ]
            },
            "notification-url": "https://packagist.org/downloads/",
            "license": [
                "BSD-3-Clause",
                "GPL-2.0",
                "GPL-3.0"
            ],
            "authors": [
                {
                    "name": "David Grudl",
                    "homepage": "http://davidgrudl.com"
                },
                {
                    "name": "Nette Community",
                    "homepage": "http://nette.org/contributors"
                }
            ],
            "description": "Nette Framework - innovative framework for fast and easy development of secured web applications in PHP. Write less, have cleaner code and your work will bring you joy.",
            "homepage": "http://nette.org",
            "keywords": [
                "Forms",
                "database",
                "debugging",
                "framework",
                "mailing",
                "mvc",
                "templating"
            ],
            "time": "2014-04-22 14:34:45"
        },
        {
            "name": "zenify/icon-submit-button",
            "version": "dev-master",
            "source": {
                "type": "git",
                "url": "https://github.com/Zenify/IconSubmitButton.git",
                "reference": "63e35dd208ef4246c3f3669a8779ec7917fa7c59"
            },
            "dist": {
                "type": "zip",
                "url": "https://api.github.com/repos/Zenify/IconSubmitButton/zipball/63e35dd208ef4246c3f3669a8779ec7917fa7c59",
                "reference": "63e35dd208ef4246c3f3669a8779ec7917fa7c59",
                "shasum": ""
            },
            "require": {
                "nette/nette": "@dev",
                "php": ">=5.4"
            },
            "type": "library",
            "autoload": {
                "psr-0": {
                    "Zenify\\": "src/"
                }
            },
            "notification-url": "https://packagist.org/downloads/",
            "license": [
                "MIT"
            ],
            "authors": [
                {
                    "name": "Tomáš Votruba",
                    "homepage": "http://tomasvotruba.cz"
                }
            ],
            "description": "IconSubmitButton for Nette Framework.",
            "time": "2014-03-30 18:32:27"
        }
    ],
    "packages-dev": [

    ],
    "aliases": [

    ],
    "minimum-stability": "stable",
    "stability-flags": {
        "nette/nette": 20,
        "zenify/icon-submit-button": 20
    },
    "platform": {
        "php": ">=5.4"
    },
    "platform-dev": [

    ]
}
